// !$*UTF8*$!
{
	archiveVersion = 1;
	classes = {
	};
	objectVersion = 50;
	objects = {

/* Begin PBXBuildFile section */
		04B33C3E222F1FD4004E4ABF /* AppDelegate.swift in Sources */ = {isa = PBXBuildFile; fileRef = 04B33C3D222F1FD4004E4ABF /* AppDelegate.swift */; };
		04B33C40222F1FD4004E4ABF /* ViewController.swift in Sources */ = {isa = PBXBuildFile; fileRef = 04B33C3F222F1FD4004E4ABF /* ViewController.swift */; };
		04B33C43222F1FD4004E4ABF /* Main.storyboard in Resources */ = {isa = PBXBuildFile; fileRef = 04B33C41222F1FD4004E4ABF /* Main.storyboard */; };
		04B33C45222F1FD5004E4ABF /* Assets.xcassets in Resources */ = {isa = PBXBuildFile; fileRef = 04B33C44222F1FD5004E4ABF /* Assets.xcassets */; };
		04B33C48222F1FD5004E4ABF /* LaunchScreen.storyboard in Resources */ = {isa = PBXBuildFile; fileRef = 04B33C46222F1FD5004E4ABF /* LaunchScreen.storyboard */; };
		04B33C53222F1FD6004E4ABF /* SchedulerAppTests.swift in Sources */ = {isa = PBXBuildFile; fileRef = 04B33C52222F1FD6004E4ABF /* SchedulerAppTests.swift */; };
		04B33C5E222F1FD6004E4ABF /* SchedulerAppUITests.swift in Sources */ = {isa = PBXBuildFile; fileRef = 04B33C5D222F1FD6004E4ABF /* SchedulerAppUITests.swift */; };
/* End PBXBuildFile section */

/* Begin PBXContainerItemProxy section */
		04B33C4F222F1FD6004E4ABF /* PBXContainerItemProxy */ = {
			isa = PBXContainerItemProxy;
			containerPortal = 04B33C32222F1FD4004E4ABF /* Project object */;
			proxyType = 1;
			remoteGlobalIDString = 04B33C39222F1FD4004E4ABF;
			remoteInfo = SchedulerApp;
		};
		04B33C5A222F1FD6004E4ABF /* PBXContainerItemProxy */ = {
			isa = PBXContainerItemProxy;
			containerPortal = 04B33C32222F1FD4004E4ABF /* Project object */;
			proxyType = 1;
			remoteGlobalIDString = 04B33C39222F1FD4004E4ABF;
			remoteInfo = SchedulerApp;
		};
/* End PBXContainerItemProxy section */

/* Begin PBXFileReference section */
		04B33C3A222F1FD4004E4ABF /* SchedulerApp.app */ = {isa = PBXFileReference; explicitFileType = wrapper.application; includeInIndex = 0; path = SchedulerApp.app; sourceTree = BUILT_PRODUCTS_DIR; };
		04B33C3D222F1FD4004E4ABF /* AppDelegate.swift */ = {isa = PBXFileReference; lastKnownFileType = sourcecode.swift; path = AppDelegate.swift; sourceTree = "<group>"; };
		04B33C3F222F1FD4004E4ABF /* ViewController.swift */ = {isa = PBXFileReference; lastKnownFileType = sourcecode.swift; path = ViewController.swift; sourceTree = "<group>"; };
		04B33C42222F1FD4004E4ABF /* Base */ = {isa = PBXFileReference; lastKnownFileType = file.storyboard; name = Base; path = Base.lproj/Main.storyboard; sourceTree = "<group>"; };
		04B33C44222F1FD5004E4ABF /* Assets.xcassets */ = {isa = PBXFileReference; lastKnownFileType = folder.assetcatalog; path = Assets.xcassets; sourceTree = "<group>"; };
		04B33C47222F1FD5004E4ABF /* Base */ = {isa = PBXFileReference; lastKnownFileType = file.storyboard; name = Base; path = Base.lproj/LaunchScreen.storyboard; sourceTree = "<group>"; };
		04B33C49222F1FD5004E4ABF /* Info.plist */ = {isa = PBXFileReference; lastKnownFileType = text.plist.xml; path = Info.plist; sourceTree = "<group>"; };
		04B33C4E222F1FD6004E4ABF /* SchedulerAppTests.xctest */ = {isa = PBXFileReference; explicitFileType = wrapper.cfbundle; includeInIndex = 0; path = SchedulerAppTests.xctest; sourceTree = BUILT_PRODUCTS_DIR; };
		04B33C52222F1FD6004E4ABF /* SchedulerAppTests.swift */ = {isa = PBXFileReference; lastKnownFileType = sourcecode.swift; path = SchedulerAppTests.swift; sourceTree = "<group>"; };
		04B33C54222F1FD6004E4ABF /* Info.plist */ = {isa = PBXFileReference; lastKnownFileType = text.plist.xml; path = Info.plist; sourceTree = "<group>"; };
		04B33C59222F1FD6004E4ABF /* SchedulerAppUITests.xctest */ = {isa = PBXFileReference; explicitFileType = wrapper.cfbundle; includeInIndex = 0; path = SchedulerAppUITests.xctest; sourceTree = BUILT_PRODUCTS_DIR; };
		04B33C5D222F1FD6004E4ABF /* SchedulerAppUITests.swift */ = {isa = PBXFileReference; lastKnownFileType = sourcecode.swift; path = SchedulerAppUITests.swift; sourceTree = "<group>"; };
		04B33C5F222F1FD6004E4ABF /* Info.plist */ = {isa = PBXFileReference; lastKnownFileType = text.plist.xml; path = Info.plist; sourceTree = "<group>"; };
/* End PBXFileReference section */

/* Begin PBXFrameworksBuildPhase section */
		04B33C37222F1FD4004E4ABF /* Frameworks */ = {
			isa = PBXFrameworksBuildPhase;
			buildActionMask = 2147483647;
			files = (
			);
			runOnlyForDeploymentPostprocessing = 0;
		};
		04B33C4B222F1FD6004E4ABF /* Frameworks */ = {
			isa = PBXFrameworksBuildPhase;
			buildActionMask = 2147483647;
			files = (
			);
			runOnlyForDeploymentPostprocessing = 0;
		};
		04B33C56222F1FD6004E4ABF /* Frameworks */ = {
			isa = PBXFrameworksBuildPhase;
			buildActionMask = 2147483647;
			files = (
			);
			runOnlyForDeploymentPostprocessing = 0;
		};
/* End PBXFrameworksBuildPhase section */

/* Begin PBXGroup section */
		04B33C31222F1FD4004E4ABF = {
			isa = PBXGroup;
			children = (
				04B33C3C222F1FD4004E4ABF /* SchedulerApp */,
				04B33C51222F1FD6004E4ABF /* SchedulerAppTests */,
				04B33C5C222F1FD6004E4ABF /* SchedulerAppUITests */,
				04B33C3B222F1FD4004E4ABF /* Products */,
			);
			sourceTree = "<group>";
		};
		04B33C3B222F1FD4004E4ABF /* Products */ = {
			isa = PBXGroup;
			children = (
				04B33C3A222F1FD4004E4ABF /* SchedulerApp.app */,
				04B33C4E222F1FD6004E4ABF /* SchedulerAppTests.xctest */,
				04B33C59222F1FD6004E4ABF /* SchedulerAppUITests.xctest */,
			);
			name = Products;
			sourceTree = "<group>";
		};
		04B33C3C222F1FD4004E4ABF /* SchedulerApp */ = {
			isa = PBXGroup;
			children = (
				04B33C3D222F1FD4004E4ABF /* AppDelegate.swift */,
				04B33C3F222F1FD4004E4ABF /* ViewController.swift */,
				04B33C41222F1FD4004E4ABF /* Main.storyboard */,
				04B33C44222F1FD5004E4ABF /* Assets.xcassets */,
				04B33C46222F1FD5004E4ABF /* LaunchScreen.storyboard */,
				04B33C49222F1FD5004E4ABF /* Info.plist */,
			);
			path = SchedulerApp;
			sourceTree = "<group>";
		};
		04B33C51222F1FD6004E4ABF /* SchedulerAppTests */ = {
			isa = PBXGroup;
			children = (
				04B33C52222F1FD6004E4ABF /* SchedulerAppTests.swift */,
				04B33C54222F1FD6004E4ABF /* Info.plist */,
			);
			path = SchedulerAppTests;
			sourceTree = "<group>";
		};
		04B33C5C222F1FD6004E4ABF /* SchedulerAppUITests */ = {
			isa = PBXGroup;
			children = (
				04B33C5D222F1FD6004E4ABF /* SchedulerAppUITests.swift */,
				04B33C5F222F1FD6004E4ABF /* Info.plist */,
			);
			path = SchedulerAppUITests;
			sourceTree = "<group>";
		};
/* End PBXGroup section */

/* Begin PBXNativeTarget section */
		04B33C39222F1FD4004E4ABF /* SchedulerApp */ = {
			isa = PBXNativeTarget;
			buildConfigurationList = 04B33C62222F1FD6004E4ABF /* Build configuration list for PBXNativeTarget "SchedulerApp" */;
			buildPhases = (
				04B33C36222F1FD4004E4ABF /* Sources */,
				04B33C37222F1FD4004E4ABF /* Frameworks */,
				04B33C38222F1FD4004E4ABF /* Resources */,
			);
			buildRules = (
			);
			dependencies = (
			);
			name = SchedulerApp;
			productName = SchedulerApp;
			productReference = 04B33C3A222F1FD4004E4ABF /* SchedulerApp.app */;
			productType = "com.apple.product-type.application";
		};
		04B33C4D222F1FD6004E4ABF /* SchedulerAppTests */ = {
			isa = PBXNativeTarget;
			buildConfigurationList = 04B33C65222F1FD6004E4ABF /* Build configuration list for PBXNativeTarget "SchedulerAppTests" */;
			buildPhases = (
				04B33C4A222F1FD6004E4ABF /* Sources */,
				04B33C4B222F1FD6004E4ABF /* Frameworks */,
				04B33C4C222F1FD6004E4ABF /* Resources */,
			);
			buildRules = (
			);
			dependencies = (
				04B33C50222F1FD6004E4ABF /* PBXTargetDependency */,
			);
			name = SchedulerAppTests;
			productName = SchedulerAppTests;
			productReference = 04B33C4E222F1FD6004E4ABF /* SchedulerAppTests.xctest */;
			productType = "com.apple.product-type.bundle.unit-test";
		};
		04B33C58222F1FD6004E4ABF /* SchedulerAppUITests */ = {
			isa = PBXNativeTarget;
			buildConfigurationList = 04B33C68222F1FD6004E4ABF /* Build configuration list for PBXNativeTarget "SchedulerAppUITests" */;
			buildPhases = (
				04B33C55222F1FD6004E4ABF /* Sources */,
				04B33C56222F1FD6004E4ABF /* Frameworks */,
				04B33C57222F1FD6004E4ABF /* Resources */,
			);
			buildRules = (
			);
			dependencies = (
				04B33C5B222F1FD6004E4ABF /* PBXTargetDependency */,
			);
			name = SchedulerAppUITests;
			productName = SchedulerAppUITests;
			productReference = 04B33C59222F1FD6004E4ABF /* SchedulerAppUITests.xctest */;
			productType = "com.apple.product-type.bundle.ui-testing";
		};
/* End PBXNativeTarget section */

/* Begin PBXProject section */
		04B33C32222F1FD4004E4ABF /* Project object */ = {
			isa = PBXProject;
			attributes = {
				LastSwiftUpdateCheck = 1010;
				LastUpgradeCheck = 1010;
				ORGANIZATIONNAME = "Moyer,David C";
				TargetAttributes = {
					04B33C39222F1FD4004E4ABF = {
						CreatedOnToolsVersion = 10.1;
					};
					04B33C4D222F1FD6004E4ABF = {
						CreatedOnToolsVersion = 10.1;
						TestTargetID = 04B33C39222F1FD4004E4ABF;
					};
					04B33C58222F1FD6004E4ABF = {
						CreatedOnToolsVersion = 10.1;
						TestTargetID = 04B33C39222F1FD4004E4ABF;
					};
				};
			};
			buildConfigurationList = 04B33C35222F1FD4004E4ABF /* Build configuration list for PBXProject "SchedulerApp" */;
			compatibilityVersion = "Xcode 9.3";
			developmentRegion = en;
			hasScannedForEncodings = 0;
			knownRegions = (
				en,
				Base,
			);
			mainGroup = 04B33C31222F1FD4004E4ABF;
			productRefGroup = 04B33C3B222F1FD4004E4ABF /* Products */;
			projectDirPath = "";
			projectRoot = "";
			targets = (
				04B33C39222F1FD4004E4ABF /* SchedulerApp */,
				04B33C4D222F1FD6004E4ABF /* SchedulerAppTests */,
				04B33C58222F1FD6004E4ABF /* SchedulerAppUITests */,
			);
		};
/* End PBXProject section */

/* Begin PBXResourcesBuildPhase section */
		04B33C38222F1FD4004E4ABF /* Resources */ = {
			isa = PBXResourcesBuildPhase;
			buildActionMask = 2147483647;
			files = (
				04B33C48222F1FD5004E4ABF /* LaunchScreen.storyboard in Resources */,
				04B33C45222F1FD5004E4ABF /* Assets.xcassets in Resources */,
				04B33C43222F1FD4004E4ABF /* Main.storyboard in Resources */,
			);
			runOnlyForDeploymentPostprocessing = 0;
		};
		04B33C4C222F1FD6004E4ABF /* Resources */ = {
			isa = PBXResourcesBuildPhase;
			buildActionMask = 2147483647;
			files = (
			);
			runOnlyForDeploymentPostprocessing = 0;
		};
		04B33C57222F1FD6004E4ABF /* Resources */ = {
			isa = PBXResourcesBuildPhase;
			buildActionMask = 2147483647;
			files = (
			);
			runOnlyForDeploymentPostprocessing = 0;
		};
/* End PBXResourcesBuildPhase section */

/* Begin PBXSourcesBuildPhase section */
		04B33C36222F1FD4004E4ABF /* Sources */ = {
			isa = PBXSourcesBuildPhase;
			buildActionMask = 2147483647;
			files = (
				04B33C40222F1FD4004E4ABF /* ViewController.swift in Sources */,
				04B33C3E222F1FD4004E4ABF /* AppDelegate.swift in Sources */,
			);
			runOnlyForDeploymentPostprocessing = 0;
		};
		04B33C4A222F1FD6004E4ABF /* Sources */ = {
			isa = PBXSourcesBuildPhase;
			buildActionMask = 2147483647;
			files = (
				04B33C53222F1FD6004E4ABF /* SchedulerAppTests.swift in Sources */,
			);
			runOnlyForDeploymentPostprocessing = 0;
		};
		04B33C55222F1FD6004E4ABF /* Sources */ = {
			isa = PBXSourcesBuildPhase;
			buildActionMask = 2147483647;
			files = (
				04B33C5E222F1FD6004E4ABF /* SchedulerAppUITests.swift in Sources */,
			);
			runOnlyForDeploymentPostprocessing = 0;
		};
/* End PBXSourcesBuildPhase section */

/* Begin PBXTargetDependency section */
		04B33C50222F1FD6004E4ABF /* PBXTargetDependency */ = {
			isa = PBXTargetDependency;
			target = 04B33C39222F1FD4004E4ABF /* SchedulerApp */;
			targetProxy = 04B33C4F222F1FD6004E4ABF /* PBXContainerItemProxy */;
		};
		04B33C5B222F1FD6004E4ABF /* PBXTargetDependency */ = {
			isa = PBXTargetDependency;
			target = 04B33C39222F1FD4004E4ABF /* SchedulerApp */;
			targetProxy = 04B33C5A222F1FD6004E4ABF /* PBXContainerItemProxy */;
		};
/* End PBXTargetDependency section */

/* Begin PBXVariantGroup section */
		04B33C41222F1FD4004E4ABF /* Main.storyboard */ = {
			isa = PBXVariantGroup;
			children = (
				04B33C42222F1FD4004E4ABF /* Base */,
			);
			name = Main.storyboard;
			sourceTree = "<group>";
		};
		04B33C46222F1FD5004E4ABF /* LaunchScreen.storyboard */ = {
			isa = PBXVariantGroup;
			children = (
				04B33C47222F1FD5004E4ABF /* Base */,
			);
			name = LaunchScreen.storyboard;
			sourceTree = "<group>";
		};
/* End PBXVariantGroup section */

/* Begin XCBuildConfiguration section */
		04B33C60222F1FD6004E4ABF /* Debug */ = {
			isa = XCBuildConfiguration;
			buildSettings = {
				ALWAYS_SEARCH_USER_PATHS = NO;
				CLANG_ANALYZER_NONNULL = YES;
				CLANG_ANALYZER_NUMBER_OBJECT_CONVERSION = YES_AGGRESSIVE;
				CLANG_CXX_LANGUAGE_STANDARD = "gnu++14";
				CLANG_CXX_LIBRARY = "libc++";
				CLANG_ENABLE_MODULES = YES;
				CLANG_ENABLE_OBJC_ARC = YES;
				CLANG_ENABLE_OBJC_WEAK = YES;
				CLANG_WARN_BLOCK_CAPTURE_AUTORELEASING = YES;
				CLANG_WARN_BOOL_CONVERSION = YES;
				CLANG_WARN_COMMA = YES;
				CLANG_WARN_CONSTANT_CONVERSION = YES;
				CLANG_WARN_DEPRECATED_OBJC_IMPLEMENTATIONS = YES;
				CLANG_WARN_DIRECT_OBJC_ISA_USAGE = YES_ERROR;
				CLANG_WARN_DOCUMENTATION_COMMENTS = YES;
				CLANG_WARN_EMPTY_BODY = YES;
				CLANG_WARN_ENUM_CONVERSION = YES;
				CLANG_WARN_INFINITE_RECURSION = YES;
				CLANG_WARN_INT_CONVERSION = YES;
				CLANG_WARN_NON_LITERAL_NULL_CONVERSION = YES;
				CLANG_WARN_OBJC_IMPLICIT_RETAIN_SELF = YES;
				CLANG_WARN_OBJC_LITERAL_CONVERSION = YES;
				CLANG_WARN_OBJC_ROOT_CLASS = YES_ERROR;
				CLANG_WARN_RANGE_LOOP_ANALYSIS = YES;
				CLANG_WARN_STRICT_PROTOTYPES = YES;
				CLANG_WARN_SUSPICIOUS_MOVE = YES;
				CLANG_WARN_UNGUARDED_AVAILABILITY = YES_AGGRESSIVE;
				CLANG_WARN_UNREACHABLE_CODE = YES;
				CLANG_WARN__DUPLICATE_METHOD_MATCH = YES;
				CODE_SIGN_IDENTITY = "iPhone Developer";
				COPY_PHASE_STRIP = NO;
				DEBUG_INFORMATION_FORMAT = dwarf;
				ENABLE_STRICT_OBJC_MSGSEND = YES;
				ENABLE_TESTABILITY = YES;
				GCC_C_LANGUAGE_STANDARD = gnu11;
				GCC_DYNAMIC_NO_PIC = NO;
				GCC_NO_COMMON_BLOCKS = YES;
				GCC_OPTIMIZATION_LEVEL = 0;
				GCC_PREPROCESSOR_DEFINITIONS = (
					"DEBUG=1",
					"$(inherited)",
				);
				GCC_WARN_64_TO_32_BIT_CONVERSION = YES;
				GCC_WARN_ABOUT_RETURN_TYPE = YES_ERROR;
				GCC_WARN_UNDECLARED_SELECTOR = YES;
				GCC_WARN_UNINITIALIZED_AUTOS = YES_AGGRESSIVE;
				GCC_WARN_UNUSED_FUNCTION = YES;
				GCC_WARN_UNUSED_VARIABLE = YES;
				IPHONEOS_DEPLOYMENT_TARGET = 12.1;
				MTL_ENABLE_DEBUG_INFO = INCLUDE_SOURCE;
				MTL_FAST_MATH = YES;
				ONLY_ACTIVE_ARCH = YES;
				SDKROOT = iphoneos;
				SWIFT_ACTIVE_COMPILATION_CONDITIONS = DEBUG;
				SWIFT_OPTIMIZATION_LEVEL = "-Onone";
			};
			name = Debug;
		};
		04B33C61222F1FD6004E4ABF /* Release */ = {
			isa = XCBuildConfiguration;
			buildSettings = {
				ALWAYS_SEARCH_USER_PATHS = NO;
				CLANG_ANALYZER_NONNULL = YES;
				CLANG_ANALYZER_NUMBER_OBJECT_CONVERSION = YES_AGGRESSIVE;
				CLANG_CXX_LANGUAGE_STANDARD = "gnu++14";
				CLANG_CXX_LIBRARY = "libc++";
				CLANG_ENABLE_MODULES = YES;
				CLANG_ENABLE_OBJC_ARC = YES;
				CLANG_ENABLE_OBJC_WEAK = YES;
				CLANG_WARN_BLOCK_CAPTURE_AUTORELEASING = YES;
				CLANG_WARN_BOOL_CONVERSION = YES;
				CLANG_WARN_COMMA = YES;
				CLANG_WARN_CONSTANT_CONVERSION = YES;
				CLANG_WARN_DEPRECATED_OBJC_IMPLEMENTATIONS = YES;
				CLANG_WARN_DIRECT_OBJC_ISA_USAGE = YES_ERROR;
				CLANG_WARN_DOCUMENTATION_COMMENTS = YES;
				CLANG_WARN_EMPTY_BODY = YES;
				CLANG_WARN_ENUM_CONVERSION = YES;
				CLANG_WARN_INFINITE_RECURSION = YES;
				CLANG_WARN_INT_CONVERSION = YES;
				CLANG_WARN_NON_LITERAL_NULL_CONVERSION = YES;
				CLANG_WARN_OBJC_IMPLICIT_RETAIN_SELF = YES;
				CLANG_WARN_OBJC_LITERAL_CONVERSION = YES;
				CLANG_WARN_OBJC_ROOT_CLASS = YES_ERROR;
				CLANG_WARN_RANGE_LOOP_ANALYSIS = YES;
				CLANG_WARN_STRICT_PROTOTYPES = YES;
				CLANG_WARN_SUSPICIOUS_MOVE = YES;
				CLANG_WARN_UNGUARDED_AVAILABILITY = YES_AGGRESSIVE;
				CLANG_WARN_UNREACHABLE_CODE = YES;
				CLANG_WARN__DUPLICATE_METHOD_MATCH = YES;
				CODE_SIGN_IDENTITY = "iPhone Developer";
				COPY_PHASE_STRIP = NO;
				DEBUG_INFORMATION_FORMAT = "dwarf-with-dsym";
				ENABLE_NS_ASSERTIONS = NO;
				ENABLE_STRICT_OBJC_MSGSEND = YES;
				GCC_C_LANGUAGE_STANDARD = gnu11;
				GCC_NO_COMMON_BLOCKS = YES;
				GCC_WARN_64_TO_32_BIT_CONVERSION = YES;
				GCC_WARN_ABOUT_RETURN_TYPE = YES_ERROR;
				GCC_WARN_UNDECLARED_SELECTOR = YES;
				GCC_WARN_UNINITIALIZED_AUTOS = YES_AGGRESSIVE;
				GCC_WARN_UNUSED_FUNCTION = YES;
				GCC_WARN_UNUSED_VARIABLE = YES;
				IPHONEOS_DEPLOYMENT_TARGET = 12.1;
				MTL_ENABLE_DEBUG_INFO = NO;
				MTL_FAST_MATH = YES;
				SDKROOT = iphoneos;
				SWIFT_COMPILATION_MODE = wholemodule;
				SWIFT_OPTIMIZATION_LEVEL = "-O";
				VALIDATE_PRODUCT = YES;
			};
			name = Release;
		};
		04B33C63222F1FD6004E4ABF /* Debug */ = {
			isa = XCBuildConfiguration;
			buildSettings = {
				ASSETCATALOG_COMPILER_APPICON_NAME = AppIcon;
				CODE_SIGN_STYLE = Automatic;
				INFOPLIST_FILE = SchedulerApp/Info.plist;
				LD_RUNPATH_SEARCH_PATHS = (
					"$(inherited)",
					"@executable_path/Frameworks",
				);
				PRODUCT_BUNDLE_IDENTIFIER = nwmissouri.SchedulerApp;
				PRODUCT_NAME = "$(TARGET_NAME)";
				SWIFT_VERSION = 4.2;
				TARGETED_DEVICE_FAMILY = "1,2";
			};
			name = Debug;
		};
		04B33C64222F1FD6004E4ABF /* Release */ = {
			isa = XCBuildConfiguration;
			buildSettings = {
				ASSETCATALOG_COMPILER_APPICON_NAME = AppIcon;
				CODE_SIGN_STYLE = Automatic;
				INFOPLIST_FILE = SchedulerApp/Info.plist;
				LD_RUNPATH_SEARCH_PATHS = (
					"$(inherited)",
					"@executable_path/Frameworks",
				);
				PRODUCT_BUNDLE_IDENTIFIER = nwmissouri.SchedulerApp;
				PRODUCT_NAME = "$(TARGET_NAME)";
				SWIFT_VERSION = 4.2;
				TARGETED_DEVICE_FAMILY = "1,2";
			};
			name = Release;
		};
		04B33C66222F1FD6004E4ABF /* Debug */ = {
			isa = XCBuildConfiguration;
			buildSettings = {
				ALWAYS_EMBED_SWIFT_STANDARD_LIBRARIES = YES;
				BUNDLE_LOADER = "$(TEST_HOST)";
				CODE_SIGN_STYLE = Automatic;
				INFOPLIST_FILE = SchedulerAppTests/Info.plist;
				LD_RUNPATH_SEARCH_PATHS = (
					"$(inherited)",
					"@executable_path/Frameworks",
					"@loader_path/Frameworks",
				);
				PRODUCT_BUNDLE_IDENTIFIER = nwmissouri.SchedulerAppTests;
				PRODUCT_NAME = "$(TARGET_NAME)";
				SWIFT_VERSION = 4.2;
				TARGETED_DEVICE_FAMILY = "1,2";
				TEST_HOST = "$(BUILT_PRODUCTS_DIR)/SchedulerApp.app/SchedulerApp";
			};
			name = Debug;
		};
		04B33C67222F1FD6004E4ABF /* Release */ = {
			isa = XCBuildConfiguration;
			buildSettings = {
				ALWAYS_EMBED_SWIFT_STANDARD_LIBRARIES = YES;
				BUNDLE_LOADER = "$(TEST_HOST)";
				CODE_SIGN_STYLE = Automatic;
				INFOPLIST_FILE = SchedulerAppTests/Info.plist;
				LD_RUNPATH_SEARCH_PATHS = (
					"$(inherited)",
					"@executable_path/Frameworks",
					"@loader_path/Frameworks",
				);
				PRODUCT_BUNDLE_IDENTIFIER = nwmissouri.SchedulerAppTests;
				PRODUCT_NAME = "$(TARGET_NAME)";
				SWIFT_VERSION = 4.2;
				TARGETED_DEVICE_FAMILY = "1,2";
				TEST_HOST = "$(BUILT_PRODUCTS_DIR)/SchedulerApp.app/SchedulerApp";
			};
			name = Release;
		};
		04B33C69222F1FD6004E4ABF /* Debug */ = {
			isa = XCBuildConfiguration;
			buildSettings = {
				ALWAYS_EMBED_SWIFT_STANDARD_LIBRARIES = YES;
				CODE_SIGN_STYLE = Automatic;
				INFOPLIST_FILE = SchedulerAppUITests/Info.plist;
				LD_RUNPATH_SEARCH_PATHS = (
					"$(inherited)",
					"@executable_path/Frameworks",
					"@loader_path/Frameworks",
				);
				PRODUCT_BUNDLE_IDENTIFIER = nwmissouri.SchedulerAppUITests;
				PRODUCT_NAME = "$(TARGET_NAME)";
				SWIFT_VERSION = 4.2;
				TARGETED_DEVICE_FAMILY = "1,2";
				TEST_TARGET_NAME = SchedulerApp;
			};
			name = Debug;
		};
		04B33C6A222F1FD6004E4ABF /* Release */ = {
			isa = XCBuildConfiguration;
			buildSettings = {
				ALWAYS_EMBED_SWIFT_STANDARD_LIBRARIES = YES;
				CODE_SIGN_STYLE = Automatic;
				INFOPLIST_FILE = SchedulerAppUITests/Info.plist;
				LD_RUNPATH_SEARCH_PATHS = (
					"$(inherited)",
					"@executable_path/Frameworks",
					"@loader_path/Frameworks",
				);
				PRODUCT_BUNDLE_IDENTIFIER = nwmissouri.SchedulerAppUITests;
				PRODUCT_NAME = "$(TARGET_NAME)";
				SWIFT_VERSION = 4.2;
				TARGETED_DEVICE_FAMILY = "1,2";
				TEST_TARGET_NAME = SchedulerApp;
			};
			name = Release;
		};
/* End XCBuildConfiguration section */

/* Begin XCConfigurationList section */
		04B33C35222F1FD4004E4ABF /* Build configuration list for PBXProject "SchedulerApp" */ = {
			isa = XCConfigurationList;
			buildConfigurations = (
				04B33C60222F1FD6004E4ABF /* Debug */,
				04B33C61222F1FD6004E4ABF /* Release */,
			);
			defaultConfigurationIsVisible = 0;
			defaultConfigurationName = Release;
		};
		04B33C62222F1FD6004E4ABF /* Build configuration list for PBXNativeTarget "SchedulerApp" */ = {
			isa = XCConfigurationList;
			buildConfigurations = (
				04B33C63222F1FD6004E4ABF /* Debug */,
				04B33C64222F1FD6004E4ABF /* Release */,
			);
			defaultConfigurationIsVisible = 0;
			defaultConfigurationName = Release;
		};
		04B33C65222F1FD6004E4ABF /* Build configuration list for PBXNativeTarget "SchedulerAppTests" */ = {
			isa = XCConfigurationList;
			buildConfigurations = (
				04B33C66222F1FD6004E4ABF /* Debug */,
				04B33C67222F1FD6004E4ABF /* Release */,
			);
			defaultConfigurationIsVisible = 0;
			defaultConfigurationName = Release;
		};
		04B33C68222F1FD6004E4ABF /* Build configuration list for PBXNativeTarget "SchedulerAppUITests" */ = {
			isa = XCConfigurationList;
			buildConfigurations = (
				04B33C69222F1FD6004E4ABF /* Debug */,
				04B33C6A222F1FD6004E4ABF /* Release */,
			);
			defaultConfigurationIsVisible = 0;
			defaultConfigurationName = Release;
		};
/* End XCConfigurationList section */
	};
	rootObject = 04B33C32222F1FD4004E4ABF /* Project object */;
}
